
Microsoft Visual Studio Solution File, Format Version 12.00
# Visual Studio Version 16
VisualStudioVersion = 16.0.32802.440
MinimumVisualStudioVersion = 10.0.40219.1
Project("{FAE04EC0-301F-11D3-BF4B-00C04F79EFBC}") = "ConsoleApp3", "ConsoleApp3.csproj", "{A957E53D-10CE-4C06-B6A6-615A9212099F}"
EndProject
Global
	GlobalSection(SolutionConfigurationPlatforms) = preSolution
		Debug|Any CPU = Debug|Any CPU
		Release|Any CPU = Release|Any CPU
	EndGlobalSection
	GlobalSection(ProjectConfigurationPlatforms) = postSolution
		{A957E53D-10CE-4C06-B6A6-615A9212099F}.Debug|Any CPU.ActiveCfg = Debug|Any CPU
		{A957E53D-10CE-4C06-B6A6-615A9212099F}.Debug|Any CPU.Build.0 = Debug|Any CPU
		{A957E53D-10CE-4C06-B6A6-615A9212099F}.Release|Any CPU.ActiveCfg = Release|Any CPU
		{A957E53D-10CE-4C06-B6A6-615A9212099F}.Release|Any CPU.Build.0 = Release|Any CPU
	EndGlobalSection
	GlobalSection(SolutionProperties) = preSolution
		HideSolutionNode = FALSE
	EndGlobalSection
	GlobalSection(ExtensibilityGlobals) = postSolution
		SolutionGuid = {82F25489-B5E1-400D-B4A5-34AE951E2BED}
	EndGlobalSection
EndGlobal
